
Microsoft Visual Studio Solution File, Format Version 12.00
# Visual Studio Version 17
VisualStudioVersion = 17.11.35327.3
MinimumVisualStudioVersion = 10.0.40219.1
Project("{9A19103F-16F7-4668-BE54-9A1E7A4F7556}") = "TasksService", "TasksService.csproj", "{D0AF96BC-E743-436D-812B-9AB6BF65282C}"
EndProject
Global
	GlobalSection(SolutionConfigurationPlatforms) = preSolution
		Debug|Any CPU = Debug|Any CPU
		Release|Any CPU = Release|Any CPU
	EndGlobalSection
	GlobalSection(ProjectConfigurationPlatforms) = postSolution
		{D0AF96BC-E743-436D-812B-9AB6BF65282C}.Debug|Any CPU.ActiveCfg = Debug|Any CPU
		{D0AF96BC-E743-436D-812B-9AB6BF65282C}.Debug|Any CPU.Build.0 = Debug|Any CPU
		{D0AF96BC-E743-436D-812B-9AB6BF65282C}.Release|Any CPU.ActiveCfg = Release|Any CPU
		{D0AF96BC-E743-436D-812B-9AB6BF65282C}.Release|Any CPU.Build.0 = Release|Any CPU
	EndGlobalSection
	GlobalSection(SolutionProperties) = preSolution
		HideSolutionNode = FALSE
	EndGlobalSection
	GlobalSection(ExtensibilityGlobals) = postSolution
		SolutionGuid = {564BB101-EB56-433E-A4A4-F317042ACC3E}
	EndGlobalSection
EndGlobal
