
Microsoft Visual Studio Solution File, Format Version 12.00
# Visual Studio Version 17
VisualStudioVersion = 17.11.35327.3
MinimumVisualStudioVersion = 10.0.40219.1
Project("{9A19103F-16F7-4668-BE54-9A1E7A4F7556}") = "UsersService", "UsersService.csproj", "{3951305C-9164-4B5B-80CE-984F38F976AC}"
EndProject
Global
	GlobalSection(SolutionConfigurationPlatforms) = preSolution
		Debug|Any CPU = Debug|Any CPU
		Release|Any CPU = Release|Any CPU
	EndGlobalSection
	GlobalSection(ProjectConfigurationPlatforms) = postSolution
		{3951305C-9164-4B5B-80CE-984F38F976AC}.Debug|Any CPU.ActiveCfg = Debug|Any CPU
		{3951305C-9164-4B5B-80CE-984F38F976AC}.Debug|Any CPU.Build.0 = Debug|Any CPU
		{3951305C-9164-4B5B-80CE-984F38F976AC}.Release|Any CPU.ActiveCfg = Release|Any CPU
		{3951305C-9164-4B5B-80CE-984F38F976AC}.Release|Any CPU.Build.0 = Release|Any CPU
	EndGlobalSection
	GlobalSection(SolutionProperties) = preSolution
		HideSolutionNode = FALSE
	EndGlobalSection
	GlobalSection(ExtensibilityGlobals) = postSolution
		SolutionGuid = {30B7AEB0-C6B0-4EF9-ACC8-C0CCFED95F81}
	EndGlobalSection
EndGlobal
